{
  "name": "commonjs-app",
  "version": "1.0.0",
  "lockfileVersion": 3,
  "requires": true,
  "packages": {
    "": {
      "name": "commonjs-app",
      "version": "1.0.0",
      "dependencies": {
        "dotenv-gad": "file:../.."
      }
    },
    "../..": {
      "version": "1.4.1",
      "license": "MIT",
      "dependencies": {
        "chalk": "^5.6.2",
        "commander": "^14.0.2",
        "dotenv": "^17.2.3",
        "figlet": "^1.10.0",
        "inquirer": "^13.2.1",
        "ora": "^9.1.0"
      },
      "bin": {
        "dotenv-gad": "dist/cli/index.js"
      },
      "devDependencies": {
        "@eslint/js": "^9.17.0",
        "@types/eslint__js": "^8.42.3",
        "@types/node": "^24.0.3",
        "cross-env": "^7.0.3",
        "eslint": "^9.17.0",
        "globals": "^15.14.0",
        "husky": "^9.1.7",
        "prettier": "^3.4.2",
        "tsup": "^8.5.1",
        "typescript": "^5.7.0",
        "typescript-eslint": "^8.19.1",
        "vite": "^6.0.0",
        "vitest": "^3.0.0"
      },
      "engines": {
        "node": ">=18.0.0"
      },
      "optionalDependencies": {
        "esbuild": "^0.27.2"
      },
      "peerDependenciesMeta": {
        "vite": {
          "optional": true
        }
      }
    },
    "node_modules/dotenv-gad": {
      "resolved": "../..",
      "link": true
    }
  }
}
