{
  "name": "test-app",
  "version": "1.0.0",
  "lockfileVersion": 3,
  "requires": true,
  "packages": {
    "": {
      "name": "test-app",
      "version": "1.0.0",
      "license": "ISC",
      "dependencies": {
        "dotenv-gad": "file:../dotenv-gad-1.2.2.tgz"
      }
    },
    "node_modules/dotenv-gad": {
      "version": "1.2.2",
      "resolved": "file:../dotenv-gad-1.2.2.tgz",
      "integrity": "sha512-GZx1/cBwtdPg1I0Pe8HT1RpJNanlL0HBFbJG3rzpMY7U/vxBO0f4e9hihV4xD/x8js3pUG8pCYF9PjnMoU3yng==",
      "license": "MIT",
      "bin": {
        "dotenv-guard": "dist/cli/index.js"
      },
      "engines": {
        "node": ">=18.0.0"
      }
    }
  }
}
